<Solution>
  <Project Path="AVRepro/AVRepro.csproj" />
  <Project Path="Benchmarks/Benchmarks.csproj" />
  <Project Path="ConsoleApp/ConsoleApp.csproj" />
  <Project Path="Library/Library.csproj" />
  <Project Path="SizeOnDiskNew/SizeOnDiskNew.csproj" />
  <Project Path="SizeOnDiskOld/SizeOnDiskOld.csproj" />
  <Project Path="Tests/Tests.csproj" />
</Solution>
